
Microsoft Visual Studio Solution File, Format Version 12.00
# 
Project("{FAE04EC0-301F-11D3-BF4B-00C04F79EFBC}") = "DDDApp", "DDDApp\DDDApp.csproj", "{905C4C4C-EEC3-4E1F-91BC-5B721A08F3E4}"
EndProject
Project("{FAE04EC0-301F-11D3-BF4B-00C04F79EFBC}") = "SnsDomain", "SnsDomain\SnsDomain.csproj", "{0E88168D-0386-4D43-A277-7F453F2C4E1D}"
EndProject
Project("{FAE04EC0-301F-11D3-BF4B-00C04F79EFBC}") = "SnsApplication", "SnsApplication\SnsApplication.csproj", "{EC429E69-5B08-431A-8CCF-0F2658050C3E}"
EndProject
Project("{2150E333-8FDC-42A3-9474-1A3956D46DE8}") = "EFInfraStructure", "EFInfraStructure", "{84F6E757-6398-4428-A3F7-80ADF079BFD3}"
EndProject
Project("{FAE04EC0-301F-11D3-BF4B-00C04F79EFBC}") = "EFInfrastructure", "EFInfrastructure\EFInfrastructure.csproj", "{CB35F9B5-71EB-4D25-98E4-FD16B67DE875}"
EndProject
Project("{2150E333-8FDC-42A3-9474-1A3956D46DE8}") = "Library", "Library", "{0AC9E869-B07E-48C1-A53F-C3CCF9C6CE50}"
EndProject
Project("{FAE04EC0-301F-11D3-BF4B-00C04F79EFBC}") = "Library", "Library\Library.csproj", "{2AEC3774-B72B-4587-BA05-FD6C981EE3F4}"
EndProject
Project("{FAE04EC0-301F-11D3-BF4B-00C04F79EFBC}") = "SqlInfrastructure", "SqlInfrastructure\SqlInfrastructure.csproj", "{0C1C5A1D-B8A5-4208-B641-32469A49C699}"
EndProject
Global
	GlobalSection(SolutionConfigurationPlatforms) = preSolution
		Debug|Any CPU = Debug|Any CPU
		Release|Any CPU = Release|Any CPU
	EndGlobalSection
	GlobalSection(ProjectConfigurationPlatforms) = postSolution
		{905C4C4C-EEC3-4E1F-91BC-5B721A08F3E4}.Debug|Any CPU.ActiveCfg = Debug|Any CPU
		{905C4C4C-EEC3-4E1F-91BC-5B721A08F3E4}.Debug|Any CPU.Build.0 = Debug|Any CPU
		{905C4C4C-EEC3-4E1F-91BC-5B721A08F3E4}.Release|Any CPU.ActiveCfg = Release|Any CPU
		{905C4C4C-EEC3-4E1F-91BC-5B721A08F3E4}.Release|Any CPU.Build.0 = Release|Any CPU
		{0E88168D-0386-4D43-A277-7F453F2C4E1D}.Debug|Any CPU.ActiveCfg = Debug|Any CPU
		{0E88168D-0386-4D43-A277-7F453F2C4E1D}.Debug|Any CPU.Build.0 = Debug|Any CPU
		{0E88168D-0386-4D43-A277-7F453F2C4E1D}.Release|Any CPU.ActiveCfg = Release|Any CPU
		{0E88168D-0386-4D43-A277-7F453F2C4E1D}.Release|Any CPU.Build.0 = Release|Any CPU
		{EC429E69-5B08-431A-8CCF-0F2658050C3E}.Debug|Any CPU.ActiveCfg = Debug|Any CPU
		{EC429E69-5B08-431A-8CCF-0F2658050C3E}.Debug|Any CPU.Build.0 = Debug|Any CPU
		{EC429E69-5B08-431A-8CCF-0F2658050C3E}.Release|Any CPU.ActiveCfg = Release|Any CPU
		{EC429E69-5B08-431A-8CCF-0F2658050C3E}.Release|Any CPU.Build.0 = Release|Any CPU
		{CB35F9B5-71EB-4D25-98E4-FD16B67DE875}.Debug|Any CPU.ActiveCfg = Debug|Any CPU
		{CB35F9B5-71EB-4D25-98E4-FD16B67DE875}.Debug|Any CPU.Build.0 = Debug|Any CPU
		{CB35F9B5-71EB-4D25-98E4-FD16B67DE875}.Release|Any CPU.ActiveCfg = Release|Any CPU
		{CB35F9B5-71EB-4D25-98E4-FD16B67DE875}.Release|Any CPU.Build.0 = Release|Any CPU
		{2AEC3774-B72B-4587-BA05-FD6C981EE3F4}.Debug|Any CPU.ActiveCfg = Debug|Any CPU
		{2AEC3774-B72B-4587-BA05-FD6C981EE3F4}.Debug|Any CPU.Build.0 = Debug|Any CPU
		{2AEC3774-B72B-4587-BA05-FD6C981EE3F4}.Release|Any CPU.ActiveCfg = Release|Any CPU
		{2AEC3774-B72B-4587-BA05-FD6C981EE3F4}.Release|Any CPU.Build.0 = Release|Any CPU
		{0C1C5A1D-B8A5-4208-B641-32469A49C699}.Debug|Any CPU.ActiveCfg = Debug|Any CPU
		{0C1C5A1D-B8A5-4208-B641-32469A49C699}.Debug|Any CPU.Build.0 = Debug|Any CPU
		{0C1C5A1D-B8A5-4208-B641-32469A49C699}.Release|Any CPU.ActiveCfg = Release|Any CPU
		{0C1C5A1D-B8A5-4208-B641-32469A49C699}.Release|Any CPU.Build.0 = Release|Any CPU
	EndGlobalSection
	GlobalSection(NestedProjects) = preSolution
		{CB35F9B5-71EB-4D25-98E4-FD16B67DE875} = {84F6E757-6398-4428-A3F7-80ADF079BFD3}
		{2AEC3774-B72B-4587-BA05-FD6C981EE3F4} = {0AC9E869-B07E-48C1-A53F-C3CCF9C6CE50}
	EndGlobalSection
EndGlobal
